
Microsoft Visual Studio Solution File, Format Version 12.00
# Visual Studio 15
VisualStudioVersion = 15.0.27428.2037
MinimumVisualStudioVersion = 10.0.40219.1
Project("{FAE04EC0-301F-11D3-BF4B-00C04F79EFBC}") = "Tanks", "Tanks\Tanks.csproj", "{382EC168-217A-4BFB-9071-3EC9B86834AD}"
EndProject
Project("{FAE04EC0-301F-11D3-BF4B-00C04F79EFBC}") = "Day7Tanks", "Day7Tanks\Day7Tanks.csproj", "{B12D037E-86EC-448A-8C7E-C4A1E579BEE0}"
EndProject
Global
	GlobalSection(SolutionConfigurationPlatforms) = preSolution
		Debug|Any CPU = Debug|Any CPU
		Release|Any CPU = Release|Any CPU
	EndGlobalSection
	GlobalSection(ProjectConfigurationPlatforms) = postSolution
		{382EC168-217A-4BFB-9071-3EC9B86834AD}.Debug|Any CPU.ActiveCfg = Debug|Any CPU
		{382EC168-217A-4BFB-9071-3EC9B86834AD}.Debug|Any CPU.Build.0 = Debug|Any CPU
		{382EC168-217A-4BFB-9071-3EC9B86834AD}.Release|Any CPU.ActiveCfg = Release|Any CPU
		{382EC168-217A-4BFB-9071-3EC9B86834AD}.Release|Any CPU.Build.0 = Release|Any CPU
		{B12D037E-86EC-448A-8C7E-C4A1E579BEE0}.Debug|Any CPU.ActiveCfg = Debug|Any CPU
		{B12D037E-86EC-448A-8C7E-C4A1E579BEE0}.Debug|Any CPU.Build.0 = Debug|Any CPU
		{B12D037E-86EC-448A-8C7E-C4A1E579BEE0}.Release|Any CPU.ActiveCfg = Release|Any CPU
		{B12D037E-86EC-448A-8C7E-C4A1E579BEE0}.Release|Any CPU.Build.0 = Release|Any CPU
	EndGlobalSection
	GlobalSection(SolutionProperties) = preSolution
		HideSolutionNode = FALSE
	EndGlobalSection
	GlobalSection(ExtensibilityGlobals) = postSolution
		SolutionGuid = {8B45029D-E77C-42B6-9928-D154377C210A}
	EndGlobalSection
EndGlobal
